
Microsoft Visual Studio Solution File, Format Version 12.00
# Visual Studio Version 17
VisualStudioVersion = 17.10.35004.147
MinimumVisualStudioVersion = 10.0.40219.1
Project("{9A19103F-16F7-4668-BE54-9A1E7A4F7556}") = "BlazorMusicCatalog", "BlazorMusicCatalog\BlazorMusicCatalog.csproj", "{B7AF6E10-4F5B-4738-9ACC-A86704F5B336}"
EndProject
Project("{9A19103F-16F7-4668-BE54-9A1E7A4F7556}") = "BlazorMusicCatalog.Data", "BlazorMusicCatalog.Data\BlazorMusicCatalog.Data.csproj", "{EB92F924-EA7C-4ACF-BB2C-678881730CFD}"
EndProject
Project("{9A19103F-16F7-4668-BE54-9A1E7A4F7556}") = "BlazorMusicCatalog.Models", "MusicCatalog.Models\BlazorMusicCatalog.Models.csproj", "{7A4C2555-746F-4B99-B91D-9AE6EB1133FC}"
EndProject
Global
	GlobalSection(SolutionConfigurationPlatforms) = preSolution
		Debug|Any CPU = Debug|Any CPU
		Release|Any CPU = Release|Any CPU
	EndGlobalSection
	GlobalSection(ProjectConfigurationPlatforms) = postSolution
		{B7AF6E10-4F5B-4738-9ACC-A86704F5B336}.Debug|Any CPU.ActiveCfg = Debug|Any CPU
		{B7AF6E10-4F5B-4738-9ACC-A86704F5B336}.Debug|Any CPU.Build.0 = Debug|Any CPU
		{B7AF6E10-4F5B-4738-9ACC-A86704F5B336}.Release|Any CPU.ActiveCfg = Release|Any CPU
		{B7AF6E10-4F5B-4738-9ACC-A86704F5B336}.Release|Any CPU.Build.0 = Release|Any CPU
		{EB92F924-EA7C-4ACF-BB2C-678881730CFD}.Debug|Any CPU.ActiveCfg = Debug|Any CPU
		{EB92F924-EA7C-4ACF-BB2C-678881730CFD}.Debug|Any CPU.Build.0 = Debug|Any CPU
		{EB92F924-EA7C-4ACF-BB2C-678881730CFD}.Release|Any CPU.ActiveCfg = Release|Any CPU
		{EB92F924-EA7C-4ACF-BB2C-678881730CFD}.Release|Any CPU.Build.0 = Release|Any CPU
		{7A4C2555-746F-4B99-B91D-9AE6EB1133FC}.Debug|Any CPU.ActiveCfg = Debug|Any CPU
		{7A4C2555-746F-4B99-B91D-9AE6EB1133FC}.Debug|Any CPU.Build.0 = Debug|Any CPU
		{7A4C2555-746F-4B99-B91D-9AE6EB1133FC}.Release|Any CPU.ActiveCfg = Release|Any CPU
		{7A4C2555-746F-4B99-B91D-9AE6EB1133FC}.Release|Any CPU.Build.0 = Release|Any CPU
	EndGlobalSection
	GlobalSection(SolutionProperties) = preSolution
		HideSolutionNode = FALSE
	EndGlobalSection
	GlobalSection(ExtensibilityGlobals) = postSolution
		SolutionGuid = {01199916-04BF-4BE4-890E-2412EDDABB33}
	EndGlobalSection
EndGlobal
